// !$*UTF8*$!
{
	archiveVersion = 1;
	classes = {
	};
	objectVersion = 46;
	objects = {

/* Begin PBXBuildFile section */
		D73CB388159CDD9800F28A5A /* UIKit.framework in Frameworks */ = {isa = PBXBuildFile; fileRef = D73CB387159CDD9800F28A5A /* UIKit.framework */; };
		D73CB38A159CDD9800F28A5A /* Foundation.framework in Frameworks */ = {isa = PBXBuildFile; fileRef = D73CB389159CDD9800F28A5A /* Foundation.framework */; };
		D73CB38C159CDD9800F28A5A /* CoreGraphics.framework in Frameworks */ = {isa = PBXBuildFile; fileRef = D73CB38B159CDD9800F28A5A /* CoreGraphics.framework */; };
		D73CB392159CDD9800F28A5A /* InfoPlist.strings in Resources */ = {isa = PBXBuildFile; fileRef = D73CB390159CDD9800F28A5A /* InfoPlist.strings */; };
		D73CB394159CDD9800F28A5A /* main.m in Sources */ = {isa = PBXBuildFile; fileRef = D73CB393159CDD9800F28A5A /* main.m */; };
		D73CB398159CDD9800F28A5A /* rhysZaxMultiTestAppDelegate.m in Sources */ = {isa = PBXBuildFile; fileRef = D73CB397159CDD9800F28A5A /* rhysZaxMultiTestAppDelegate.m */; };
		D73CB39B159CDD9800F28A5A /* MainStoryboard.storyboard in Resources */ = {isa = PBXBuildFile; fileRef = D73CB399159CDD9800F28A5A /* MainStoryboard.storyboard */; };
		D73CB39E159CDD9900F28A5A /* rhysZaxMultiTestViewController.m in Sources */ = {isa = PBXBuildFile; fileRef = D73CB39D159CDD9900F28A5A /* rhysZaxMultiTestViewController.m */; };
/* End PBXBuildFile section */

/* Begin PBXFileReference section */
		D73CB383159CDD9800F28A5A /* rhysZaxMultiTest.app */ = {isa = PBXFileReference; explicitFileType = wrapper.application; includeInIndex = 0; path = rhysZaxMultiTest.app; sourceTree = BUILT_PRODUCTS_DIR; };
		D73CB387159CDD9800F28A5A /* UIKit.framework */ = {isa = PBXFileReference; lastKnownFileType = wrapper.framework; name = UIKit.framework; path = System/Library/Frameworks/UIKit.framework; sourceTree = SDKROOT; };
		D73CB389159CDD9800F28A5A /* Foundation.framework */ = {isa = PBXFileReference; lastKnownFileType = wrapper.framework; name = Foundation.framework; path = System/Library/Frameworks/Foundation.framework; sourceTree = SDKROOT; };
		D73CB38B159CDD9800F28A5A /* CoreGraphics.framework */ = {isa = PBXFileReference; lastKnownFileType = wrapper.framework; name = CoreGraphics.framework; path = System/Library/Frameworks/CoreGraphics.framework; sourceTree = SDKROOT; };
		D73CB38F159CDD9800F28A5A /* rhysZaxMultiTest-Info.plist */ = {isa = PBXFileReference; path = "rhysZaxMultiTest-Info.plist"; sourceTree = "<group>"; };
		D73CB391159CDD9800F28A5A /* en */ = {isa = PBXFileReference; lastKnownFileType = text.plist.strings; name = en; path = en.lproj/InfoPlist.strings; sourceTree = "<group>"; };
		D73CB393159CDD9800F28A5A /* main.m */ = {isa = PBXFileReference; lastKnownFileType = sourcecode.c.objc; path = main.m; sourceTree = "<group>"; };
		D73CB395159CDD9800F28A5A /* rhysZaxMultiTest-Prefix.pch */ = {isa = PBXFileReference; path = "rhysZaxMultiTest-Prefix.pch"; sourceTree = "<group>"; };
		D73CB396159CDD9800F28A5A /* rhysZaxMultiTestAppDelegate.h */ = {isa = PBXFileReference; path = rhysZaxMultiTestAppDelegate.h; sourceTree = "<group>"; };
		D73CB397159CDD9800F28A5A /* rhysZaxMultiTestAppDelegate.m */ = {isa = PBXFileReference; lastKnownFileType = sourcecode.c.objc; path = rhysZaxMultiTestAppDelegate.m; sourceTree = "<group>"; };
		D73CB39A159CDD9800F28A5A /* en */ = {isa = PBXFileReference; lastKnownFileType = file.storyboard; name = en; path = en.lproj/MainStoryboard.storyboard; sourceTree = "<group>"; };
		D73CB39C159CDD9800F28A5A /* rhysZaxMultiTestViewController.h */ = {isa = PBXFileReference; path = rhysZaxMultiTestViewController.h; sourceTree = "<group>"; };
		D73CB39D159CDD9900F28A5A /* rhysZaxMultiTestViewController.m */ = {isa = PBXFileReference; lastKnownFileType = sourcecode.c.objc; path = rhysZaxMultiTestViewController.m; sourceTree = "<group>"; };
/* End PBXFileReference section */

/* Begin PBXFrameworksBuildPhase section */
		D73CB380159CDD9800F28A5A /* Frameworks */ = {
			isa = PBXFrameworksBuildPhase;
			buildActionMask = 2147483647;
			files = (
				D73CB388159CDD9800F28A5A /* UIKit.framework in Frameworks */,
				D73CB38A159CDD9800F28A5A /* Foundation.framework in Frameworks */,
				D73CB38C159CDD9800F28A5A /* CoreGraphics.framework in Frameworks */,
			);
			runOnlyForDeploymentPostprocessing = 0;
		};
/* End PBXFrameworksBuildPhase section */

/* Begin PBXGroup section */
		D73CB378159CDD9800F28A5A = {
			isa = PBXGroup;
			children = (
				D73CB38D159CDD9800F28A5A /* rhysZaxMultiTest */,
				D73CB386159CDD9800F28A5A /* Frameworks */,
				D73CB384159CDD9800F28A5A /* Products */,
			);
			sourceTree = "<group>";
		};
		D73CB384159CDD9800F28A5A /* Products */ = {
			isa = PBXGroup;
			children = (
				D73CB383159CDD9800F28A5A /* rhysZaxMultiTest.app */,
			);
			name = Products;
			sourceTree = "<group>";
		};
		D73CB386159CDD9800F28A5A /* Frameworks */ = {
			isa = PBXGroup;
			children = (
				D73CB387159CDD9800F28A5A /* UIKit.framework */,
				D73CB389159CDD9800F28A5A /* Foundation.framework */,
				D73CB38B159CDD9800F28A5A /* CoreGraphics.framework */,
			);
			name = Frameworks;
			sourceTree = "<group>";
		};
		D73CB38D159CDD9800F28A5A /* rhysZaxMultiTest */ = {
			isa = PBXGroup;
			children = (
				D73CB396159CDD9800F28A5A /* rhysZaxMultiTestAppDelegate.h */,
				D73CB397159CDD9800F28A5A /* rhysZaxMultiTestAppDelegate.m */,
				D73CB399159CDD9800F28A5A /* MainStoryboard.storyboard */,
				D73CB39C159CDD9800F28A5A /* rhysZaxMultiTestViewController.h */,
				D73CB39D159CDD9900F28A5A /* rhysZaxMultiTestViewController.m */,
				D73CB38E159CDD9800F28A5A /* Supporting Files */,
			);
			path = rhysZaxMultiTest;
			sourceTree = "<group>";
		};
		D73CB38E159CDD9800F28A5A /* Supporting Files */ = {
			isa = PBXGroup;
			children = (
				D73CB38F159CDD9800F28A5A /* rhysZaxMultiTest-Info.plist */,
				D73CB390159CDD9800F28A5A /* InfoPlist.strings */,
				D73CB393159CDD9800F28A5A /* main.m */,
				D73CB395159CDD9800F28A5A /* rhysZaxMultiTest-Prefix.pch */,
			);
			name = "Supporting Files";
			sourceTree = "<group>";
		};
/* End PBXGroup section */

/* Begin PBXNativeTarget section */
		D73CB382159CDD9800F28A5A /* rhysZaxMultiTest */ = {
			isa = PBXNativeTarget;
			buildConfigurationList = D73CB3A1159CDD9900F28A5A /* Build configuration list for PBXNativeTarget "rhysZaxMultiTest" */;
			buildPhases = (
				D73CB37F159CDD9800F28A5A /* Sources */,
				D73CB380159CDD9800F28A5A /* Frameworks */,
				D73CB381159CDD9800F28A5A /* Resources */,
			);
			buildRules = (
			);
			dependencies = (
			);
			name = rhysZaxMultiTest;
			productName = rhysZaxMultiTest;
			productReference = D73CB383159CDD9800F28A5A /* rhysZaxMultiTest.app */;
			productType = "com.apple.product-type.application";
		};
/* End PBXNativeTarget section */

/* Begin PBXProject section */
		D73CB37A159CDD9800F28A5A /* Project object */ = {
			isa = PBXProject;
			attributes = {
				LastUpgradeCheck = 0420;
			};
			buildConfigurationList = D73CB37D159CDD9800F28A5A /* Build configuration list for PBXProject "rhysZaxMultiTest" */;
			compatibilityVersion = "Xcode 3.2";
			developmentRegion = English;
			hasScannedForEncodings = 0;
			knownRegions = (
				en,
			);
			mainGroup = D73CB378159CDD9800F28A5A;
			productRefGroup = D73CB384159CDD9800F28A5A /* Products */;
			projectDirPath = "";
			projectRoot = "";
			targets = (
				D73CB382159CDD9800F28A5A /* rhysZaxMultiTest */,
			);
		};
/* End PBXProject section */

/* Begin PBXResourcesBuildPhase section */
		D73CB381159CDD9800F28A5A /* Resources */ = {
			isa = PBXResourcesBuildPhase;
			buildActionMask = 2147483647;
			files = (
				D73CB392159CDD9800F28A5A /* InfoPlist.strings in Resources */,
				D73CB39B159CDD9800F28A5A /* MainStoryboard.storyboard in Resources */,
			);
			runOnlyForDeploymentPostprocessing = 0;
		};
/* End PBXResourcesBuildPhase section */

/* Begin PBXSourcesBuildPhase section */
		D73CB37F159CDD9800F28A5A /* Sources */ = {
			isa = PBXSourcesBuildPhase;
			buildActionMask = 2147483647;
			files = (
				D73CB394159CDD9800F28A5A /* main.m in Sources */,
				D73CB398159CDD9800F28A5A /* rhysZaxMultiTestAppDelegate.m in Sources */,
				D73CB39E159CDD9900F28A5A /* rhysZaxMultiTestViewController.m in Sources */,
			);
			runOnlyForDeploymentPostprocessing = 0;
		};
/* End PBXSourcesBuildPhase section */

/* Begin PBXVariantGroup section */
		D73CB390159CDD9800F28A5A /* InfoPlist.strings */ = {
			isa = PBXVariantGroup;
			children = (
				D73CB391159CDD9800F28A5A /* en */,
			);
			name = InfoPlist.strings;
			sourceTree = "<group>";
		};
		D73CB399159CDD9800F28A5A /* MainStoryboard.storyboard */ = {
			isa = PBXVariantGroup;
			children = (
				D73CB39A159CDD9800F28A5A /* en */,
			);
			name = MainStoryboard.storyboard;
			sourceTree = "<group>";
		};
/* End PBXVariantGroup section */

/* Begin XCBuildConfiguration section */
		D73CB39F159CDD9900F28A5A /* Debug */ = {
			isa = XCBuildConfiguration;
			buildSettings = {
				ALWAYS_SEARCH_USER_PATHS = NO;
				ARCHS = "$(ARCHS_STANDARD_32_BIT)";
				CLANG_ENABLE_OBJC_ARC = YES;
				"CODE_SIGN_IDENTITY[sdk=iphoneos*]" = "iPhone Developer";
				COPY_PHASE_STRIP = NO;
				GCC_C_LANGUAGE_STANDARD = gnu99;
				GCC_DYNAMIC_NO_PIC = NO;
				GCC_OPTIMIZATION_LEVEL = 0;
				GCC_PREPROCESSOR_DEFINITIONS = (
					"DEBUG=1",
					"$(inherited)",
				);
				GCC_SYMBOLS_PRIVATE_EXTERN = NO;
				GCC_VERSION = com.apple.compilers.llvm.clang.1_0;
				GCC_WARN_ABOUT_MISSING_PROTOTYPES = YES;
				GCC_WARN_ABOUT_RETURN_TYPE = YES;
				GCC_WARN_UNUSED_VARIABLE = YES;
				IPHONEOS_DEPLOYMENT_TARGET = 5.0;
				SDKROOT = iphoneos;
			};
			name = Debug;
		};
		D73CB3A0159CDD9900F28A5A /* Release */ = {
			isa = XCBuildConfiguration;
			buildSettings = {
				ALWAYS_SEARCH_USER_PATHS = NO;
				ARCHS = "$(ARCHS_STANDARD_32_BIT)";
				CLANG_ENABLE_OBJC_ARC = YES;
				"CODE_SIGN_IDENTITY[sdk=iphoneos*]" = "iPhone Developer";
				COPY_PHASE_STRIP = YES;
				GCC_C_LANGUAGE_STANDARD = gnu99;
				GCC_VERSION = com.apple.compilers.llvm.clang.1_0;
				GCC_WARN_ABOUT_MISSING_PROTOTYPES = YES;
				GCC_WARN_ABOUT_RETURN_TYPE = YES;
				GCC_WARN_UNUSED_VARIABLE = YES;
				IPHONEOS_DEPLOYMENT_TARGET = 5.0;
				OTHER_CFLAGS = "-DNS_BLOCK_ASSERTIONS=1";
				SDKROOT = iphoneos;
				VALIDATE_PRODUCT = YES;
			};
			name = Release;
		};
		D73CB3A2159CDD9900F28A5A /* Debug */ = {
			isa = XCBuildConfiguration;
			buildSettings = {
				GCC_PRECOMPILE_PREFIX_HEADER = YES;
				GCC_PREFIX_HEADER = "rhysZaxMultiTest/rhysZaxMultiTest-Prefix.pch";
				INFOPLIST_FILE = "rhysZaxMultiTest/rhysZaxMultiTest-Info.plist";
				PRODUCT_NAME = "$(TARGET_NAME)";
				WRAPPER_EXTENSION = app;
			};
			name = Debug;
		};
		D73CB3A3159CDD9900F28A5A /* Release */ = {
			isa = XCBuildConfiguration;
			buildSettings = {
				GCC_PRECOMPILE_PREFIX_HEADER = YES;
				GCC_PREFIX_HEADER = "rhysZaxMultiTest/rhysZaxMultiTest-Prefix.pch";
				INFOPLIST_FILE = "rhysZaxMultiTest/rhysZaxMultiTest-Info.plist";
				PRODUCT_NAME = "$(TARGET_NAME)";
				WRAPPER_EXTENSION = app;
			};
			name = Release;
		};
/* End XCBuildConfiguration section */

/* Begin XCConfigurationList section */
		D73CB37D159CDD9800F28A5A /* Build configuration list for PBXProject "rhysZaxMultiTest" */ = {
			isa = XCConfigurationList;
			buildConfigurations = (
				D73CB39F159CDD9900F28A5A /* Debug */,
				D73CB3A0159CDD9900F28A5A /* Release */,
			);
			defaultConfigurationIsVisible = 0;
			defaultConfigurationName = Release;
		};
		D73CB3A1159CDD9900F28A5A /* Build configuration list for PBXNativeTarget "rhysZaxMultiTest" */ = {
			isa = XCConfigurationList;
			buildConfigurations = (
				D73CB3A2159CDD9900F28A5A /* Debug */,
				D73CB3A3159CDD9900F28A5A /* Release */,
			);
			defaultConfigurationIsVisible = 0;
		};
/* End XCConfigurationList section */
	};
	rootObject = D73CB37A159CDD9800F28A5A /* Project object */;
}
